PODS:
  - IQKeyboardManager (6.2.0)
  - SnapKit (4.2.0)

DEPENDENCIES:
  - IQKeyboardManager
  - SnapKit

SPEC REPOS:
  https://github.com/cocoapods/specs.git:
    - IQKeyboardManager
    - SnapKit

SPEC CHECKSUMS:
  IQKeyboardManager: 6194101620b73af5e67900b8f89707a99de0b804
  SnapKit: fe8a619752f3f27075cc9a90244d75c6c3f27e2a

PODFILE CHECKSUM: 3f38acea3eff7055b4710fdd13680c0a4780d22f

COCOAPODS: 1.6.0.beta.2
