PODS:
  - FWPopupView (3.0.1)
  - FWPopupViewOC (2.0.3)

DEPENDENCIES:
  - FWPopupView
  - FWPopupViewOC

SPEC REPOS:
  https://github.com/CocoaPods/Specs.git:
    - FWPopupView
    - FWPopupViewOC

SPEC CHECKSUMS:
  FWPopupView: c8a6df6592912b11cde44bbbeae338e2718264c5
  FWPopupViewOC: 1890845001342b8c7184c0b35792ce8426256bd6

PODFILE CHECKSUM: 6968cb2557f9826d6d3c12c7b532b393220ed875

COCOAPODS: 1.5.0
