PODS:
  - FWPopupView (3.0.7)
  - FWPopupViewOC (2.2.0)

DEPENDENCIES:
  - FWPopupView
  - FWPopupViewOC

SPEC REPOS:
  https://github.com/cocoapods/specs.git:
    - FWPopupView
    - FWPopupViewOC

SPEC CHECKSUMS:
  FWPopupView: 7bd6ade9120968a055c329ab0f330f5eb0be51b2
  FWPopupViewOC: c11ada4b36206ad9e65b3962f2d597ead9f1f15c

PODFILE CHECKSUM: 6968cb2557f9826d6d3c12c7b532b393220ed875

COCOAPODS: 1.5.3
