PODS:
  - FWPopupView (4.1.4):
    - SnapKit
  - FWPopupViewOC (3.1.0):
    - Masonry
  - Masonry (1.1.0)
  - SnapKit (4.2.0)
  - SVProgressHUD (2.2.5)

DEPENDENCIES:
  - FWPopupView
  - FWPopupViewOC
  - SVProgressHUD

SPEC REPOS:
  https://github.com/CocoaPods/Specs.git:
    - FWPopupView
    - FWPopupViewOC
    - Masonry
    - SnapKit
    - SVProgressHUD

SPEC CHECKSUMS:
  FWPopupView: 8efc8fd8b620fc75756165cdc5163f69b71a7adc
  FWPopupViewOC: 116094e33ba1f492e60c262a095a9ae6bfd0c715
  Masonry: 678fab65091a9290e40e2832a55e7ab731aad201
  SnapKit: fe8a619752f3f27075cc9a90244d75c6c3f27e2a
  SVProgressHUD: 1428aafac632c1f86f62aa4243ec12008d7a51d6

PODFILE CHECKSUM: e0b7621084305b94feec4b740fca97a75447b35e

COCOAPODS: 1.9.2
